
Microsoft Visual Studio Solution File, Format Version 12.00
# Visual Studio 15
VisualStudioVersion = 15.0.26124.0
MinimumVisualStudioVersion = 15.0.26124.0
Project("{2150E333-8FDC-42A3-9474-1A3956D46DE8}") = "src", "src", "{B64D784E-C56E-4FBB-B212-81FF730922B9}"
EndProject
Project("{F2A71F9B-5D33-465A-A702-920D77279786}") = "Mandabot", "src\Mandabot\Mandabot.fsproj", "{ACDD0EFD-0B31-4A55-9958-1BD0F484D63A}"
EndProject
Project("{F2A71F9B-5D33-465A-A702-920D77279786}") = "Mandabot.GetNotes", "src\Mandabot.GetNotes\Mandabot.GetNotes.fsproj", "{5942FE3A-2F69-46FE-BBC1-BC7ABA94B719}"
EndProject
Project("{2150E333-8FDC-42A3-9474-1A3956D46DE8}") = "test", "test", "{61456397-14CC-4A18-B257-F7A5A3CB6150}"
EndProject
Project("{F2A71F9B-5D33-465A-A702-920D77279786}") = "Mandabot.Tests", "test\Mandabot.Tests\Mandabot.Tests.fsproj", "{1C4DD437-F388-4329-A044-F54CBF56F483}"
EndProject
Project("{F2A71F9B-5D33-465A-A702-920D77279786}") = "Mandabot.GetNotes.Tests", "test\Mandabot.GetNotes.Tests\Mandabot.GetNotes.Tests.fsproj", "{FB53076C-1497-4667-923E-75C5E2320752}"
EndProject
Project("{F2A71F9B-5D33-465A-A702-920D77279786}") = "Mandabot.Lib", "src\Mandabot.Lib\Mandabot.Lib.fsproj", "{AAC3841F-0A91-4E3C-9ADE-B25C87841EDB}"
EndProject
Global
	GlobalSection(SolutionConfigurationPlatforms) = preSolution
		Debug|Any CPU = Debug|Any CPU
		Debug|x64 = Debug|x64
		Debug|x86 = Debug|x86
		Release|Any CPU = Release|Any CPU
		Release|x64 = Release|x64
		Release|x86 = Release|x86
	EndGlobalSection
	GlobalSection(SolutionProperties) = preSolution
		HideSolutionNode = FALSE
	EndGlobalSection
	GlobalSection(ProjectConfigurationPlatforms) = postSolution
		{ACDD0EFD-0B31-4A55-9958-1BD0F484D63A}.Debug|Any CPU.ActiveCfg = Debug|Any CPU
		{ACDD0EFD-0B31-4A55-9958-1BD0F484D63A}.Debug|Any CPU.Build.0 = Debug|Any CPU
		{ACDD0EFD-0B31-4A55-9958-1BD0F484D63A}.Debug|x64.ActiveCfg = Debug|Any CPU
		{ACDD0EFD-0B31-4A55-9958-1BD0F484D63A}.Debug|x64.Build.0 = Debug|Any CPU
		{ACDD0EFD-0B31-4A55-9958-1BD0F484D63A}.Debug|x86.ActiveCfg = Debug|Any CPU
		{ACDD0EFD-0B31-4A55-9958-1BD0F484D63A}.Debug|x86.Build.0 = Debug|Any CPU
		{ACDD0EFD-0B31-4A55-9958-1BD0F484D63A}.Release|Any CPU.ActiveCfg = Release|Any CPU
		{ACDD0EFD-0B31-4A55-9958-1BD0F484D63A}.Release|Any CPU.Build.0 = Release|Any CPU
		{ACDD0EFD-0B31-4A55-9958-1BD0F484D63A}.Release|x64.ActiveCfg = Release|Any CPU
		{ACDD0EFD-0B31-4A55-9958-1BD0F484D63A}.Release|x64.Build.0 = Release|Any CPU
		{ACDD0EFD-0B31-4A55-9958-1BD0F484D63A}.Release|x86.ActiveCfg = Release|Any CPU
		{ACDD0EFD-0B31-4A55-9958-1BD0F484D63A}.Release|x86.Build.0 = Release|Any CPU
		{5942FE3A-2F69-46FE-BBC1-BC7ABA94B719}.Debug|Any CPU.ActiveCfg = Debug|Any CPU
		{5942FE3A-2F69-46FE-BBC1-BC7ABA94B719}.Debug|Any CPU.Build.0 = Debug|Any CPU
		{5942FE3A-2F69-46FE-BBC1-BC7ABA94B719}.Debug|x64.ActiveCfg = Debug|Any CPU
		{5942FE3A-2F69-46FE-BBC1-BC7ABA94B719}.Debug|x64.Build.0 = Debug|Any CPU
		{5942FE3A-2F69-46FE-BBC1-BC7ABA94B719}.Debug|x86.ActiveCfg = Debug|Any CPU
		{5942FE3A-2F69-46FE-BBC1-BC7ABA94B719}.Debug|x86.Build.0 = Debug|Any CPU
		{5942FE3A-2F69-46FE-BBC1-BC7ABA94B719}.Release|Any CPU.ActiveCfg = Release|Any CPU
		{5942FE3A-2F69-46FE-BBC1-BC7ABA94B719}.Release|Any CPU.Build.0 = Release|Any CPU
		{5942FE3A-2F69-46FE-BBC1-BC7ABA94B719}.Release|x64.ActiveCfg = Release|Any CPU
		{5942FE3A-2F69-46FE-BBC1-BC7ABA94B719}.Release|x64.Build.0 = Release|Any CPU
		{5942FE3A-2F69-46FE-BBC1-BC7ABA94B719}.Release|x86.ActiveCfg = Release|Any CPU
		{5942FE3A-2F69-46FE-BBC1-BC7ABA94B719}.Release|x86.Build.0 = Release|Any CPU
		{1C4DD437-F388-4329-A044-F54CBF56F483}.Debug|Any CPU.ActiveCfg = Debug|Any CPU
		{1C4DD437-F388-4329-A044-F54CBF56F483}.Debug|Any CPU.Build.0 = Debug|Any CPU
		{1C4DD437-F388-4329-A044-F54CBF56F483}.Debug|x64.ActiveCfg = Debug|Any CPU
		{1C4DD437-F388-4329-A044-F54CBF56F483}.Debug|x64.Build.0 = Debug|Any CPU
		{1C4DD437-F388-4329-A044-F54CBF56F483}.Debug|x86.ActiveCfg = Debug|Any CPU
		{1C4DD437-F388-4329-A044-F54CBF56F483}.Debug|x86.Build.0 = Debug|Any CPU
		{1C4DD437-F388-4329-A044-F54CBF56F483}.Release|Any CPU.ActiveCfg = Release|Any CPU
		{1C4DD437-F388-4329-A044-F54CBF56F483}.Release|Any CPU.Build.0 = Release|Any CPU
		{1C4DD437-F388-4329-A044-F54CBF56F483}.Release|x64.ActiveCfg = Release|Any CPU
		{1C4DD437-F388-4329-A044-F54CBF56F483}.Release|x64.Build.0 = Release|Any CPU
		{1C4DD437-F388-4329-A044-F54CBF56F483}.Release|x86.ActiveCfg = Release|Any CPU
		{1C4DD437-F388-4329-A044-F54CBF56F483}.Release|x86.Build.0 = Release|Any CPU
		{FB53076C-1497-4667-923E-75C5E2320752}.Debug|Any CPU.ActiveCfg = Debug|Any CPU
		{FB53076C-1497-4667-923E-75C5E2320752}.Debug|Any CPU.Build.0 = Debug|Any CPU
		{FB53076C-1497-4667-923E-75C5E2320752}.Debug|x64.ActiveCfg = Debug|Any CPU
		{FB53076C-1497-4667-923E-75C5E2320752}.Debug|x64.Build.0 = Debug|Any CPU
		{FB53076C-1497-4667-923E-75C5E2320752}.Debug|x86.ActiveCfg = Debug|Any CPU
		{FB53076C-1497-4667-923E-75C5E2320752}.Debug|x86.Build.0 = Debug|Any CPU
		{FB53076C-1497-4667-923E-75C5E2320752}.Release|Any CPU.ActiveCfg = Release|Any CPU
		{FB53076C-1497-4667-923E-75C5E2320752}.Release|Any CPU.Build.0 = Release|Any CPU
		{FB53076C-1497-4667-923E-75C5E2320752}.Release|x64.ActiveCfg = Release|Any CPU
		{FB53076C-1497-4667-923E-75C5E2320752}.Release|x64.Build.0 = Release|Any CPU
		{FB53076C-1497-4667-923E-75C5E2320752}.Release|x86.ActiveCfg = Release|Any CPU
		{FB53076C-1497-4667-923E-75C5E2320752}.Release|x86.Build.0 = Release|Any CPU
		{AAC3841F-0A91-4E3C-9ADE-B25C87841EDB}.Debug|Any CPU.ActiveCfg = Debug|Any CPU
		{AAC3841F-0A91-4E3C-9ADE-B25C87841EDB}.Debug|Any CPU.Build.0 = Debug|Any CPU
		{AAC3841F-0A91-4E3C-9ADE-B25C87841EDB}.Debug|x64.ActiveCfg = Debug|Any CPU
		{AAC3841F-0A91-4E3C-9ADE-B25C87841EDB}.Debug|x64.Build.0 = Debug|Any CPU
		{AAC3841F-0A91-4E3C-9ADE-B25C87841EDB}.Debug|x86.ActiveCfg = Debug|Any CPU
		{AAC3841F-0A91-4E3C-9ADE-B25C87841EDB}.Debug|x86.Build.0 = Debug|Any CPU
		{AAC3841F-0A91-4E3C-9ADE-B25C87841EDB}.Release|Any CPU.ActiveCfg = Release|Any CPU
		{AAC3841F-0A91-4E3C-9ADE-B25C87841EDB}.Release|Any CPU.Build.0 = Release|Any CPU
		{AAC3841F-0A91-4E3C-9ADE-B25C87841EDB}.Release|x64.ActiveCfg = Release|Any CPU
		{AAC3841F-0A91-4E3C-9ADE-B25C87841EDB}.Release|x64.Build.0 = Release|Any CPU
		{AAC3841F-0A91-4E3C-9ADE-B25C87841EDB}.Release|x86.ActiveCfg = Release|Any CPU
		{AAC3841F-0A91-4E3C-9ADE-B25C87841EDB}.Release|x86.Build.0 = Release|Any CPU
	EndGlobalSection
	GlobalSection(NestedProjects) = preSolution
		{ACDD0EFD-0B31-4A55-9958-1BD0F484D63A} = {B64D784E-C56E-4FBB-B212-81FF730922B9}
		{5942FE3A-2F69-46FE-BBC1-BC7ABA94B719} = {B64D784E-C56E-4FBB-B212-81FF730922B9}
		{1C4DD437-F388-4329-A044-F54CBF56F483} = {61456397-14CC-4A18-B257-F7A5A3CB6150}
		{FB53076C-1497-4667-923E-75C5E2320752} = {61456397-14CC-4A18-B257-F7A5A3CB6150}
		{AAC3841F-0A91-4E3C-9ADE-B25C87841EDB} = {B64D784E-C56E-4FBB-B212-81FF730922B9}
	EndGlobalSection
EndGlobal
